<?xml version="1.0" encoding="utf-8"?>
<Project ToolsVersion="4.0" xmlns="http://schemas.microsoft.com/developer/msbuild/2003">
  <ItemGroup>
    <Filter Include="Source Files">
      <UniqueIdentifier>{4FC737F1-C7A5-4376-A066-2A32D752A2FF}</UniqueIdentifier>
      <Extensions>cpp;c;cc;cxx;c++;cppm;ixx;def;odl;idl;hpj;bat;asm;asmx</Extensions>
    </Filter>
    <Filter Include="Header Files">
      <UniqueIdentifier>{93995380-89BD-4b04-88EB-625FBE52EBFB}</UniqueIdentifier>
      <Extensions>h;hh;hpp;hxx;h++;hm;inl;inc;ipp;xsd</Extensions>
    </Filter>
    <Filter Include="Resource Files">
      <UniqueIdentifier>{67DA6AB6-F800-4c08-8B7A-83BB121AAD01}</UniqueIdentifier>
      <Extensions>rc;ico;cur;bmp;dlg;rc2;rct;bin;rgs;gif;jpg;jpeg;jpe;resx;tiff;tif;png;wav;mfcribbon-ms</Extensions>
    </Filter>
    <Filter Include="Resource Files\Shaders">
      <UniqueIdentifier>{a7ffa985-40f1-492c-85aa-5c3f1e35fbf0}</UniqueIdentifier>
    </Filter>
    <Filter Include="Header Files\ImGui">
      <UniqueIdentifier>{c10de800-4601-4796-b2ce-113330df8bab}</UniqueIdentifier>
    </Filter>
    <Filter Include="Source Files\ImGui">
      <UniqueIdentifier>{a48282de-17d7-45a9-bd5f-df56acfb9d70}</UniqueIdentifier>
    </Filter>
    <Filter Include="Header Files\ShaderManadement">
      <UniqueIdentifier>{635151a4-2202-4366-a9a8-633dbebe111e}</UniqueIdentifier>
    </Filter>
    <Filter Include="Source Files\ShaderManadement">
      <UniqueIdentifier>{ee79996b-c582-4b2e-b7fa-d943f1466cc1}</UniqueIdentifier>
    </Filter>
    <Filter Include="Header Files\Transformations">
      <UniqueIdentifier>{d07b3dd6-dbca-4556-a06b-8a9a6d63e91c}</UniqueIdentifier>
    </Filter>
    <Filter Include="Source Files\Transformations">
      <UniqueIdentifier>{4803fbd3-4cae-43c7-9b55-aa619b8e519f}</UniqueIdentifier>
    </Filter>
    <Filter Include="Header Files\Helper">
      <UniqueIdentifier>{15f5f248-189b-4629-a1fd-691d9dff42fe}</UniqueIdentifier>
    </Filter>
    <Filter Include="Resource Files\Shaders\default">
      <UniqueIdentifier>{bdbc9f83-4981-4803-af0f-a2ff9660d806}</UniqueIdentifier>
    </Filter>
    <Filter Include="Resource Files\Shaders\simple">
      <UniqueIdentifier>{e0979ee6-bfcc-4e93-b258-0848e608263d}</UniqueIdentifier>
    </Filter>
    <Filter Include="Source Files\ScensObjects">
      <UniqueIdentifier>{ba0289b1-3c18-412c-a64d-6c91bc73b97f}</UniqueIdentifier>
    </Filter>
    <Filter Include="Header Files\ScensObjects">
      <UniqueIdentifier>{da082a49-dd44-44b6-9507-bccd1bc23733}</UniqueIdentifier>
    </Filter>
    <Filter Include="Resource Files\Shaders\lightings">
      <UniqueIdentifier>{d4abce90-2e8d-4a7f-b7b9-87b79a23132e}</UniqueIdentifier>
    </Filter>
    <Filter Include="Resource Files\Mesh">
      <UniqueIdentifier>{3000889d-a33c-4f2b-8007-87717bf0ae3b}</UniqueIdentifier>
    </Filter>
    <Filter Include="Resource Files\Shaders\VertexAndNormal">
      <UniqueIdentifier>{2ec7861d-9be2-4f9d-94e5-acfd8695efb2}</UniqueIdentifier>
    </Filter>
  </ItemGroup>
  <ItemGroup>
    <ClCompile Include="glad.c">
      <Filter>Source Files</Filter>
    </ClCompile>
    <ClCompile Include="Main.cpp">
      <Filter>Source Files</Filter>
    </ClCompile>
    <ClCompile Include="Camera.cpp">
      <Filter>Source Files</Filter>
    </ClCompile>
    <ClCompile Include="Libraries\include\ImGui\imgui.cpp">
      <Filter>Source Files\ImGui</Filter>
    </ClCompile>
    <ClCompile Include="Libraries\include\ImGui\imgui_draw.cpp">
      <Filter>Source Files\ImGui</Filter>
    </ClCompile>
    <ClCompile Include="Libraries\include\ImGui\imgui_impl_glfw.cpp">
      <Filter>Source Files\ImGui</Filter>
    </ClCompile>
    <ClCompile Include="Libraries\include\ImGui\imgui_impl_opengl3.cpp">
      <Filter>Source Files\ImGui</Filter>
    </ClCompile>
    <ClCompile Include="Libraries\include\ImGui\imgui_impl_win32.cpp">
      <Filter>Source Files\ImGui</Filter>
    </ClCompile>
    <ClCompile Include="Libraries\include\ImGui\imgui_tables.cpp">
      <Filter>Source Files\ImGui</Filter>
    </ClCompile>
    <ClCompile Include="Libraries\include\ImGui\imgui_widgets.cpp">
      <Filter>Source Files\ImGui</Filter>
    </ClCompile>
    <ClCompile Include="shaderClass.cpp">
      <Filter>Source Files\ShaderManadement</Filter>
    </ClCompile>
    <ClCompile Include="Transpose.cpp">
      <Filter>Source Files\Transformations</Filter>
    </ClCompile>
    <ClCompile Include="Scale.cpp">
      <Filter>Source Files\Transformations</Filter>
    </ClCompile>
    <ClCompile Include="Rotation.cpp">
      <Filter>Source Files\Transformations</Filter>
    </ClCompile>
    <ClCompile Include="Quaternion.cpp">
      <Filter>Source Files\Transformations</Filter>
    </ClCompile>
    <ClCompile Include="QuaternionRotationImGui.cpp">
      <Filter>Source Files\Transformations</Filter>
    </ClCompile>
    <ClCompile Include="Room.cpp">
      <Filter>Source Files\ScensObjects</Filter>
    </ClCompile>
    <ClCompile Include="Robot.cpp">
      <Filter>Source Files\ScensObjects</Filter>
    </ClCompile>
    <ClCompile Include="Mirror.cpp">
      <Filter>Source Files\ScensObjects</Filter>
    </ClCompile>
    <ClCompile Include="Cylinder.cpp">
      <Filter>Source Files\ScensObjects</Filter>
    </ClCompile>
    <ClCompile Include="Light.cpp">
      <Filter>Source Files\ScensObjects</Filter>
    </ClCompile>
  </ItemGroup>
  <ItemGroup>
    <ClInclude Include="Camera.h">
      <Filter>Header Files</Filter>
    </ClInclude>
    <ClInclude Include="Libraries\include\ImGui\imconfig.h">
      <Filter>Header Files\ImGui</Filter>
    </ClInclude>
    <ClInclude Include="Libraries\include\ImGui\imgui.h">
      <Filter>Header Files\ImGui</Filter>
    </ClInclude>
    <ClInclude Include="Libraries\include\ImGui\imgui_impl_glfw.h">
      <Filter>Header Files\ImGui</Filter>
    </ClInclude>
    <ClInclude Include="Libraries\include\ImGui\imgui_impl_opengl3.h">
      <Filter>Header Files\ImGui</Filter>
    </ClInclude>
    <ClInclude Include="Libraries\include\ImGui\imgui_impl_opengl3_loader.h">
      <Filter>Header Files\ImGui</Filter>
    </ClInclude>
    <ClInclude Include="Libraries\include\ImGui\imgui_impl_win32.h">
      <Filter>Header Files\ImGui</Filter>
    </ClInclude>
    <ClInclude Include="Libraries\include\ImGui\imgui_internal.h">
      <Filter>Header Files\ImGui</Filter>
    </ClInclude>
    <ClInclude Include="Libraries\include\ImGui\imstb_rectpack.h">
      <Filter>Header Files\ImGui</Filter>
    </ClInclude>
    <ClInclude Include="Libraries\include\ImGui\imstb_textedit.h">
      <Filter>Header Files\ImGui</Filter>
    </ClInclude>
    <ClInclude Include="Libraries\include\ImGui\imstb_truetype.h">
      <Filter>Header Files\ImGui</Filter>
    </ClInclude>
    <ClInclude Include="Shader.h">
      <Filter>Header Files\ShaderManadement</Filter>
    </ClInclude>
    <ClInclude Include="VAO.h">
      <Filter>Header Files\ShaderManadement</Filter>
    </ClInclude>
    <ClInclude Include="VBO.h">
      <Filter>Header Files\ShaderManadement</Filter>
    </ClInclude>
    <ClInclude Include="EBO.h">
      <Filter>Header Files\ShaderManadement</Filter>
    </ClInclude>
    <ClInclude Include="Constants.h">
      <Filter>Header Files</Filter>
    </ClInclude>
    <ClInclude Include="Transpose.h">
      <Filter>Header Files\Transformations</Filter>
    </ClInclude>
    <ClInclude Include="Rotation.h">
      <Filter>Header Files\Transformations</Filter>
    </ClInclude>
    <ClInclude Include="Scale.h">
      <Filter>Header Files\Transformations</Filter>
    </ClInclude>
    <ClInclude Include="RotationImGui.h">
      <Filter>Header Files\Transformations</Filter>
    </ClInclude>
    <ClInclude Include="ScaleImGui.h">
      <Filter>Header Files\Transformations</Filter>
    </ClInclude>
    <ClInclude Include="TransposeImGui.h">
      <Filter>Header Files\Transformations</Filter>
    </ClInclude>
    <ClInclude Include="resource.h">
      <Filter>Header Files</Filter>
    </ClInclude>
    <ClInclude Include="MathOperations.h">
      <Filter>Header Files\Helper</Filter>
    </ClInclude>
    <ClInclude Include="OpenGLHelper.h">
      <Filter>Header Files\Helper</Filter>
    </ClInclude>
    <ClInclude Include="Quaternion.h">
      <Filter>Header Files\Transformations</Filter>
    </ClInclude>
    <ClInclude Include="QuaternionRotationImGui.h">
      <Filter>Header Files\Transformations</Filter>
    </ClInclude>
    <ClInclude Include="Room.h">
      <Filter>Header Files\ScensObjects</Filter>
    </ClInclude>
    <ClInclude Include="Robot.h">
      <Filter>Header Files\ScensObjects</Filter>
    </ClInclude>
    <ClInclude Include="AszkalMeshReader.h">
      <Filter>Header Files\Helper</Filter>
    </ClInclude>
    <ClInclude Include="RobotsPartInfo.h">
      <Filter>Header Files\ScensObjects</Filter>
    </ClInclude>
    <ClInclude Include="Light.h">
      <Filter>Header Files\ScensObjects</Filter>
    </ClInclude>
    <ClInclude Include="Parametryzatrons.h">
      <Filter>Header Files\Helper</Filter>
    </ClInclude>
    <ClInclude Include="Mirror.h">
      <Filter>Header Files\ScensObjects</Filter>
    </ClInclude>
    <ClInclude Include="Cylinder.h">
      <Filter>Header Files\ScensObjects</Filter>
    </ClInclude>
    <ClInclude Include="ScensObject.h">
      <Filter>Header Files\ScensObjects</Filter>
    </ClInclude>
  </ItemGroup>
  <ItemGroup>
    <None Include="default.vert">
      <Filter>Resource Files\Shaders\default</Filter>
    </None>
    <None Include="default.frag">
      <Filter>Resource Files\Shaders\default</Filter>
    </None>
    <None Include="simple_vert.glsl">
      <Filter>Resource Files\Shaders\simple</Filter>
    </None>
    <None Include="simple_frag.glsl">
      <Filter>Resource Files\Shaders\simple</Filter>
    </None>
    <None Include="phong_frag.glsl">
      <Filter>Resource Files\Shaders\lightings</Filter>
    </None>
    <None Include="phong_vert.glsl">
      <Filter>Resource Files\Shaders\lightings</Filter>
    </None>
    <None Include="vertexAndNormals_vert.glsl">
      <Filter>Resource Files\Shaders\VertexAndNormal</Filter>
    </None>
    <None Include="vertexAndNormals_frag.glsl">
      <Filter>Resource Files\Shaders\VertexAndNormal</Filter>
    </None>
  </ItemGroup>
  <ItemGroup>
    <ResourceCompile Include="Puma.rc">
      <Filter>Resource Files</Filter>
    </ResourceCompile>
  </ItemGroup>
  <ItemGroup>
    <Text Include="puma-mesh\mesh6.txt">
      <Filter>Resource Files\Mesh</Filter>
    </Text>
    <Text Include="puma-mesh\mesh5.txt">
      <Filter>Resource Files\Mesh</Filter>
    </Text>
    <Text Include="puma-mesh\mesh4.txt">
      <Filter>Resource Files\Mesh</Filter>
    </Text>
    <Text Include="puma-mesh\mesh2.txt">
      <Filter>Resource Files\Mesh</Filter>
    </Text>
    <Text Include="puma-mesh\mesh3.txt">
      <Filter>Resource Files\Mesh</Filter>
    </Text>
    <Text Include="puma-mesh\mesh1.txt">
      <Filter>Resource Files\Mesh</Filter>
    </Text>
  </ItemGroup>
</Project>